
Microsoft Visual Studio Solution File, Format Version 12.00
Project("{FAE04EC0-301F-11D3-BF4B-00C04F79EFBC}") = "Prism.HomeAssistant.Functions", "Prism.HomeAssistant.Functions\Prism.HomeAssistant.Functions.csproj", "{973AF98A-3AF8-476A-825E-B396DC427725}"
EndProject
Global
	GlobalSection(SolutionConfigurationPlatforms) = preSolution
		Debug|Any CPU = Debug|Any CPU
		Release|Any CPU = Release|Any CPU
	EndGlobalSection
	GlobalSection(ProjectConfigurationPlatforms) = postSolution
		{973AF98A-3AF8-476A-825E-B396DC427725}.Debug|Any CPU.ActiveCfg = Debug|Any CPU
		{973AF98A-3AF8-476A-825E-B396DC427725}.Debug|Any CPU.Build.0 = Debug|Any CPU
		{973AF98A-3AF8-476A-825E-B396DC427725}.Release|Any CPU.ActiveCfg = Release|Any CPU
		{973AF98A-3AF8-476A-825E-B396DC427725}.Release|Any CPU.Build.0 = Release|Any CPU
	EndGlobalSection
EndGlobal
